
Microsoft Visual Studio Solution File, Format Version 12.00
# Visual Studio Version 17
VisualStudioVersion = 17.9.34728.123
MinimumVisualStudioVersion = 10.0.40219.1
Project("{FAE04EC0-301F-11D3-BF4B-00C04F79EFBC}") = "z2", "z2\z2.csproj", "{F50EDD04-57AD-41B1-A324-87D0D26AE79B}"
EndProject
Global
	GlobalSection(SolutionConfigurationPlatforms) = preSolution
		Debug|Any CPU = Debug|Any CPU
		Release|Any CPU = Release|Any CPU
	EndGlobalSection
	GlobalSection(ProjectConfigurationPlatforms) = postSolution
		{F50EDD04-57AD-41B1-A324-87D0D26AE79B}.Debug|Any CPU.ActiveCfg = Debug|Any CPU
		{F50EDD04-57AD-41B1-A324-87D0D26AE79B}.Debug|Any CPU.Build.0 = Debug|Any CPU
		{F50EDD04-57AD-41B1-A324-87D0D26AE79B}.Release|Any CPU.ActiveCfg = Release|Any CPU
		{F50EDD04-57AD-41B1-A324-87D0D26AE79B}.Release|Any CPU.Build.0 = Release|Any CPU
	EndGlobalSection
	GlobalSection(SolutionProperties) = preSolution
		HideSolutionNode = FALSE
	EndGlobalSection
	GlobalSection(ExtensibilityGlobals) = postSolution
		SolutionGuid = {1BF30D91-01C0-47DD-991F-599BA413B0E6}
	EndGlobalSection
EndGlobal
