
Microsoft Visual Studio Solution File, Format Version 12.00
# Visual Studio Version 17
VisualStudioVersion = 17.9.34728.123
MinimumVisualStudioVersion = 10.0.40219.1
Project("{FAE04EC0-301F-11D3-BF4B-00C04F79EFBC}") = "z3", "z3\z3.csproj", "{095EEDDC-6465-4BBE-92EC-8ADF5BFE0E21}"
EndProject
Global
	GlobalSection(SolutionConfigurationPlatforms) = preSolution
		Debug|Any CPU = Debug|Any CPU
		Release|Any CPU = Release|Any CPU
	EndGlobalSection
	GlobalSection(ProjectConfigurationPlatforms) = postSolution
		{095EEDDC-6465-4BBE-92EC-8ADF5BFE0E21}.Debug|Any CPU.ActiveCfg = Debug|Any CPU
		{095EEDDC-6465-4BBE-92EC-8ADF5BFE0E21}.Debug|Any CPU.Build.0 = Debug|Any CPU
		{095EEDDC-6465-4BBE-92EC-8ADF5BFE0E21}.Release|Any CPU.ActiveCfg = Release|Any CPU
		{095EEDDC-6465-4BBE-92EC-8ADF5BFE0E21}.Release|Any CPU.Build.0 = Release|Any CPU
	EndGlobalSection
	GlobalSection(SolutionProperties) = preSolution
		HideSolutionNode = FALSE
	EndGlobalSection
	GlobalSection(ExtensibilityGlobals) = postSolution
		SolutionGuid = {CA052ADD-D4E9-44C6-9D26-082ABF6FF951}
	EndGlobalSection
EndGlobal
